
Microsoft Visual Studio Solution File, Format Version 12.00
# Visual Studio Version 16
VisualStudioVersion = 16.0.31005.135
MinimumVisualStudioVersion = 10.0.40219.1
Project("{FAE04EC0-301F-11D3-BF4B-00C04F79EFBC}") = "TestClasses", "TestClasses\TestClasses.csproj", "{78CD7739-26D0-4442-BE29-AFC68249B06C}"
EndProject
Project("{FAE04EC0-301F-11D3-BF4B-00C04F79EFBC}") = "UnitTest_TestClasses", "UnitTest_TestClasses\UnitTest_TestClasses.csproj", "{E0AB1049-A07E-4016-9132-636E4BD7D3DF}"
EndProject
Global
	GlobalSection(SolutionConfigurationPlatforms) = preSolution
		Debug|Any CPU = Debug|Any CPU
		Release|Any CPU = Release|Any CPU
	EndGlobalSection
	GlobalSection(ProjectConfigurationPlatforms) = postSolution
		{78CD7739-26D0-4442-BE29-AFC68249B06C}.Debug|Any CPU.ActiveCfg = Debug|Any CPU
		{78CD7739-26D0-4442-BE29-AFC68249B06C}.Debug|Any CPU.Build.0 = Debug|Any CPU
		{78CD7739-26D0-4442-BE29-AFC68249B06C}.Release|Any CPU.ActiveCfg = Release|Any CPU
		{78CD7739-26D0-4442-BE29-AFC68249B06C}.Release|Any CPU.Build.0 = Release|Any CPU
		{E0AB1049-A07E-4016-9132-636E4BD7D3DF}.Debug|Any CPU.ActiveCfg = Debug|Any CPU
		{E0AB1049-A07E-4016-9132-636E4BD7D3DF}.Debug|Any CPU.Build.0 = Debug|Any CPU
		{E0AB1049-A07E-4016-9132-636E4BD7D3DF}.Release|Any CPU.ActiveCfg = Release|Any CPU
		{E0AB1049-A07E-4016-9132-636E4BD7D3DF}.Release|Any CPU.Build.0 = Release|Any CPU
	EndGlobalSection
	GlobalSection(SolutionProperties) = preSolution
		HideSolutionNode = FALSE
	EndGlobalSection
	GlobalSection(ExtensibilityGlobals) = postSolution
		SolutionGuid = {12718BA4-641E-46E0-82E8-3E62892AC611}
	EndGlobalSection
EndGlobal
